// !$*UTF8*$!
{
	archiveVersion = 1;
	classes = {
	};
	objectVersion = 56;
	objects = {

/* Begin PBXBuildFile section */
		8E18F56A2A2BEC2B0054734F /* CharliesSpadesApp.swift in Sources */ = {isa = PBXBuildFile; fileRef = 8E18F5692A2BEC2B0054734F /* CharliesSpadesApp.swift */; };
		8E18F56C2A2BEC2B0054734F /* ContentView.swift in Sources */ = {isa = PBXBuildFile; fileRef = 8E18F56B2A2BEC2B0054734F /* ContentView.swift */; };
		8E18F56E2A2BEC2E0054734F /* Assets.xcassets in Resources */ = {isa = PBXBuildFile; fileRef = 8E18F56D2A2BEC2E0054734F /* Assets.xcassets */; };
		8E18F5712A2BEC2E0054734F /* Preview Assets.xcassets in Resources */ = {isa = PBXBuildFile; fileRef = 8E18F5702A2BEC2E0054734F /* Preview Assets.xcassets */; };
		8E18F57B2A2BEC2F0054734F /* CharliesSpadesTests.swift in Sources */ = {isa = PBXBuildFile; fileRef = 8E18F57A2A2BEC2F0054734F /* CharliesSpadesTests.swift */; };
		8E18F5852A2BEC2F0054734F /* CharliesSpadesUITests.swift in Sources */ = {isa = PBXBuildFile; fileRef = 8E18F5842A2BEC2F0054734F /* CharliesSpadesUITests.swift */; };
		8E18F5872A2BEC2F0054734F /* CharliesSpadesUITestsLaunchTests.swift in Sources */ = {isa = PBXBuildFile; fileRef = 8E18F5862A2BEC2F0054734F /* CharliesSpadesUITestsLaunchTests.swift */; };
/* End PBXBuildFile section */

/* Begin PBXContainerItemProxy section */
		8E18F5772A2BEC2F0054734F /* PBXContainerItemProxy */ = {
			isa = PBXContainerItemProxy;
			containerPortal = 8E18F55E2A2BEC2B0054734F /* Project object */;
			proxyType = 1;
			remoteGlobalIDString = 8E18F5652A2BEC2B0054734F;
			remoteInfo = CharliesSpades;
		};
		8E18F5812A2BEC2F0054734F /* PBXContainerItemProxy */ = {
			isa = PBXContainerItemProxy;
			containerPortal = 8E18F55E2A2BEC2B0054734F /* Project object */;
			proxyType = 1;
			remoteGlobalIDString = 8E18F5652A2BEC2B0054734F;
			remoteInfo = CharliesSpades;
		};
/* End PBXContainerItemProxy section */

/* Begin PBXFileReference section */
		8E18F5662A2BEC2B0054734F /* CharliesSpades.app */ = {isa = PBXFileReference; explicitFileType = wrapper.application; includeInIndex = 0; path = CharliesSpades.app; sourceTree = BUILT_PRODUCTS_DIR; };
		8E18F5692A2BEC2B0054734F /* CharliesSpadesApp.swift */ = {isa = PBXFileReference; lastKnownFileType = sourcecode.swift; path = CharliesSpadesApp.swift; sourceTree = "<group>"; };
		8E18F56B2A2BEC2B0054734F /* ContentView.swift */ = {isa = PBXFileReference; lastKnownFileType = sourcecode.swift; path = ContentView.swift; sourceTree = "<group>"; };
		8E18F56D2A2BEC2E0054734F /* Assets.xcassets */ = {isa = PBXFileReference; lastKnownFileType = folder.assetcatalog; path = Assets.xcassets; sourceTree = "<group>"; };
		8E18F5702A2BEC2E0054734F /* Preview Assets.xcassets */ = {isa = PBXFileReference; lastKnownFileType = folder.assetcatalog; path = "Preview Assets.xcassets"; sourceTree = "<group>"; };
		8E18F5762A2BEC2F0054734F /* CharliesSpadesTests.xctest */ = {isa = PBXFileReference; explicitFileType = wrapper.cfbundle; includeInIndex = 0; path = CharliesSpadesTests.xctest; sourceTree = BUILT_PRODUCTS_DIR; };
		8E18F57A2A2BEC2F0054734F /* CharliesSpadesTests.swift */ = {isa = PBXFileReference; lastKnownFileType = sourcecode.swift; path = CharliesSpadesTests.swift; sourceTree = "<group>"; };
		8E18F5802A2BEC2F0054734F /* CharliesSpadesUITests.xctest */ = {isa = PBXFileReference; explicitFileType = wrapper.cfbundle; includeInIndex = 0; path = CharliesSpadesUITests.xctest; sourceTree = BUILT_PRODUCTS_DIR; };
		8E18F5842A2BEC2F0054734F /* CharliesSpadesUITests.swift */ = {isa = PBXFileReference; lastKnownFileType = sourcecode.swift; path = CharliesSpadesUITests.swift; sourceTree = "<group>"; };
		8E18F5862A2BEC2F0054734F /* CharliesSpadesUITestsLaunchTests.swift */ = {isa = PBXFileReference; lastKnownFileType = sourcecode.swift; path = CharliesSpadesUITestsLaunchTests.swift; sourceTree = "<group>"; };
/* End PBXFileReference section */

/* Begin PBXFrameworksBuildPhase section */
		8E18F5632A2BEC2B0054734F /* Frameworks */ = {
			isa = PBXFrameworksBuildPhase;
			buildActionMask = 2147483647;
			files = (
			);
			runOnlyForDeploymentPostprocessing = 0;
		};
		8E18F5732A2BEC2F0054734F /* Frameworks */ = {
			isa = PBXFrameworksBuildPhase;
			buildActionMask = 2147483647;
			files = (
			);
			runOnlyForDeploymentPostprocessing = 0;
		};
		8E18F57D2A2BEC2F0054734F /* Frameworks */ = {
			isa = PBXFrameworksBuildPhase;
			buildActionMask = 2147483647;
			files = (
			);
			runOnlyForDeploymentPostprocessing = 0;
		};
/* End PBXFrameworksBuildPhase section */

/* Begin PBXGroup section */
		8E18F55D2A2BEC2B0054734F = {
			isa = PBXGroup;
			children = (
				8E18F5682A2BEC2B0054734F /* CharliesSpades */,
				8E18F5792A2BEC2F0054734F /* CharliesSpadesTests */,
				8E18F5832A2BEC2F0054734F /* CharliesSpadesUITests */,
				8E18F5672A2BEC2B0054734F /* Products */,
			);
			sourceTree = "<group>";
		};
		8E18F5672A2BEC2B0054734F /* Products */ = {
			isa = PBXGroup;
			children = (
				8E18F5662A2BEC2B0054734F /* CharliesSpades.app */,
				8E18F5762A2BEC2F0054734F /* CharliesSpadesTests.xctest */,
				8E18F5802A2BEC2F0054734F /* CharliesSpadesUITests.xctest */,
			);
			name = Products;
			sourceTree = "<group>";
		};
		8E18F5682A2BEC2B0054734F /* CharliesSpades */ = {
			isa = PBXGroup;
			children = (
				8E18F5692A2BEC2B0054734F /* CharliesSpadesApp.swift */,
				8E18F56B2A2BEC2B0054734F /* ContentView.swift */,
				8E18F56D2A2BEC2E0054734F /* Assets.xcassets */,
				8E18F56F2A2BEC2E0054734F /* Preview Content */,
			);
			path = CharliesSpades;
			sourceTree = "<group>";
		};
		8E18F56F2A2BEC2E0054734F /* Preview Content */ = {
			isa = PBXGroup;
			children = (
				8E18F5702A2BEC2E0054734F /* Preview Assets.xcassets */,
			);
			path = "Preview Content";
			sourceTree = "<group>";
		};
		8E18F5792A2BEC2F0054734F /* CharliesSpadesTests */ = {
			isa = PBXGroup;
			children = (
				8E18F57A2A2BEC2F0054734F /* CharliesSpadesTests.swift */,
			);
			path = CharliesSpadesTests;
			sourceTree = "<group>";
		};
		8E18F5832A2BEC2F0054734F /* CharliesSpadesUITests */ = {
			isa = PBXGroup;
			children = (
				8E18F5842A2BEC2F0054734F /* CharliesSpadesUITests.swift */,
				8E18F5862A2BEC2F0054734F /* CharliesSpadesUITestsLaunchTests.swift */,
			);
			path = CharliesSpadesUITests;
			sourceTree = "<group>";
		};
/* End PBXGroup section */

/* Begin PBXNativeTarget section */
		8E18F5652A2BEC2B0054734F /* CharliesSpades */ = {
			isa = PBXNativeTarget;
			buildConfigurationList = 8E18F58A2A2BEC2F0054734F /* Build configuration list for PBXNativeTarget "CharliesSpades" */;
			buildPhases = (
				8E18F5622A2BEC2B0054734F /* Sources */,
				8E18F5632A2BEC2B0054734F /* Frameworks */,
				8E18F5642A2BEC2B0054734F /* Resources */,
			);
			buildRules = (
			);
			dependencies = (
			);
			name = CharliesSpades;
			productName = CharliesSpades;
			productReference = 8E18F5662A2BEC2B0054734F /* CharliesSpades.app */;
			productType = "com.apple.product-type.application";
		};
		8E18F5752A2BEC2F0054734F /* CharliesSpadesTests */ = {
			isa = PBXNativeTarget;
			buildConfigurationList = 8E18F58D2A2BEC2F0054734F /* Build configuration list for PBXNativeTarget "CharliesSpadesTests" */;
			buildPhases = (
				8E18F5722A2BEC2F0054734F /* Sources */,
				8E18F5732A2BEC2F0054734F /* Frameworks */,
				8E18F5742A2BEC2F0054734F /* Resources */,
			);
			buildRules = (
			);
			dependencies = (
				8E18F5782A2BEC2F0054734F /* PBXTargetDependency */,
			);
			name = CharliesSpadesTests;
			productName = CharliesSpadesTests;
			productReference = 8E18F5762A2BEC2F0054734F /* CharliesSpadesTests.xctest */;
			productType = "com.apple.product-type.bundle.unit-test";
		};
		8E18F57F2A2BEC2F0054734F /* CharliesSpadesUITests */ = {
			isa = PBXNativeTarget;
			buildConfigurationList = 8E18F5902A2BEC2F0054734F /* Build configuration list for PBXNativeTarget "CharliesSpadesUITests" */;
			buildPhases = (
				8E18F57C2A2BEC2F0054734F /* Sources */,
				8E18F57D2A2BEC2F0054734F /* Frameworks */,
				8E18F57E2A2BEC2F0054734F /* Resources */,
			);
			buildRules = (
			);
			dependencies = (
				8E18F5822A2BEC2F0054734F /* PBXTargetDependency */,
			);
			name = CharliesSpadesUITests;
			productName = CharliesSpadesUITests;
			productReference = 8E18F5802A2BEC2F0054734F /* CharliesSpadesUITests.xctest */;
			productType = "com.apple.product-type.bundle.ui-testing";
		};
/* End PBXNativeTarget section */

/* Begin PBXProject section */
		8E18F55E2A2BEC2B0054734F /* Project object */ = {
			isa = PBXProject;
			attributes = {
				BuildIndependentTargetsInParallel = 1;
				LastSwiftUpdateCheck = 1430;
				LastUpgradeCheck = 1430;
				TargetAttributes = {
					8E18F5652A2BEC2B0054734F = {
						CreatedOnToolsVersion = 14.3;
					};
					8E18F5752A2BEC2F0054734F = {
						CreatedOnToolsVersion = 14.3;
						TestTargetID = 8E18F5652A2BEC2B0054734F;
					};
					8E18F57F2A2BEC2F0054734F = {
						CreatedOnToolsVersion = 14.3;
						TestTargetID = 8E18F5652A2BEC2B0054734F;
					};
				};
			};
			buildConfigurationList = 8E18F5612A2BEC2B0054734F /* Build configuration list for PBXProject "CharliesSpades" */;
			compatibilityVersion = "Xcode 14.0";
			developmentRegion = en;
			hasScannedForEncodings = 0;
			knownRegions = (
				en,
				Base,
			);
			mainGroup = 8E18F55D2A2BEC2B0054734F;
			productRefGroup = 8E18F5672A2BEC2B0054734F /* Products */;
			projectDirPath = "";
			projectRoot = "";
			targets = (
				8E18F5652A2BEC2B0054734F /* CharliesSpades */,
				8E18F5752A2BEC2F0054734F /* CharliesSpadesTests */,
				8E18F57F2A2BEC2F0054734F /* CharliesSpadesUITests */,
			);
		};
/* End PBXProject section */

/* Begin PBXResourcesBuildPhase section */
		8E18F5642A2BEC2B0054734F /* Resources */ = {
			isa = PBXResourcesBuildPhase;
			buildActionMask = 2147483647;
			files = (
				8E18F5712A2BEC2E0054734F /* Preview Assets.xcassets in Resources */,
				8E18F56E2A2BEC2E0054734F /* Assets.xcassets in Resources */,
			);
			runOnlyForDeploymentPostprocessing = 0;
		};
		8E18F5742A2BEC2F0054734F /* Resources */ = {
			isa = PBXResourcesBuildPhase;
			buildActionMask = 2147483647;
			files = (
			);
			runOnlyForDeploymentPostprocessing = 0;
		};
		8E18F57E2A2BEC2F0054734F /* Resources */ = {
			isa = PBXResourcesBuildPhase;
			buildActionMask = 2147483647;
			files = (
			);
			runOnlyForDeploymentPostprocessing = 0;
		};
/* End PBXResourcesBuildPhase section */

/* Begin PBXSourcesBuildPhase section */
		8E18F5622A2BEC2B0054734F /* Sources */ = {
			isa = PBXSourcesBuildPhase;
			buildActionMask = 2147483647;
			files = (
				8E18F56C2A2BEC2B0054734F /* ContentView.swift in Sources */,
				8E18F56A2A2BEC2B0054734F /* CharliesSpadesApp.swift in Sources */,
			);
			runOnlyForDeploymentPostprocessing = 0;
		};
		8E18F5722A2BEC2F0054734F /* Sources */ = {
			isa = PBXSourcesBuildPhase;
			buildActionMask = 2147483647;
			files = (
				8E18F57B2A2BEC2F0054734F /* CharliesSpadesTests.swift in Sources */,
			);
			runOnlyForDeploymentPostprocessing = 0;
		};
		8E18F57C2A2BEC2F0054734F /* Sources */ = {
			isa = PBXSourcesBuildPhase;
			buildActionMask = 2147483647;
			files = (
				8E18F5852A2BEC2F0054734F /* CharliesSpadesUITests.swift in Sources */,
				8E18F5872A2BEC2F0054734F /* CharliesSpadesUITestsLaunchTests.swift in Sources */,
			);
			runOnlyForDeploymentPostprocessing = 0;
		};
/* End PBXSourcesBuildPhase section */

/* Begin PBXTargetDependency section */
		8E18F5782A2BEC2F0054734F /* PBXTargetDependency */ = {
			isa = PBXTargetDependency;
			target = 8E18F5652A2BEC2B0054734F /* CharliesSpades */;
			targetProxy = 8E18F5772A2BEC2F0054734F /* PBXContainerItemProxy */;
		};
		8E18F5822A2BEC2F0054734F /* PBXTargetDependency */ = {
			isa = PBXTargetDependency;
			target = 8E18F5652A2BEC2B0054734F /* CharliesSpades */;
			targetProxy = 8E18F5812A2BEC2F0054734F /* PBXContainerItemProxy */;
		};
/* End PBXTargetDependency section */

/* Begin XCBuildConfiguration section */
		8E18F5882A2BEC2F0054734F /* Debug */ = {
			isa = XCBuildConfiguration;
			buildSettings = {
				ALWAYS_SEARCH_USER_PATHS = NO;
				CLANG_ANALYZER_NONNULL = YES;
				CLANG_ANALYZER_NUMBER_OBJECT_CONVERSION = YES_AGGRESSIVE;
				CLANG_CXX_LANGUAGE_STANDARD = "gnu++20";
				CLANG_ENABLE_MODULES = YES;
				CLANG_ENABLE_OBJC_ARC = YES;
				CLANG_ENABLE_OBJC_WEAK = YES;
				CLANG_WARN_BLOCK_CAPTURE_AUTORELEASING = YES;
				CLANG_WARN_BOOL_CONVERSION = YES;
				CLANG_WARN_COMMA = YES;
				CLANG_WARN_CONSTANT_CONVERSION = YES;
				CLANG_WARN_DEPRECATED_OBJC_IMPLEMENTATIONS = YES;
				CLANG_WARN_DIRECT_OBJC_ISA_USAGE = YES_ERROR;
				CLANG_WARN_DOCUMENTATION_COMMENTS = YES;
				CLANG_WARN_EMPTY_BODY = YES;
				CLANG_WARN_ENUM_CONVERSION = YES;
				CLANG_WARN_INFINITE_RECURSION = YES;
				CLANG_WARN_INT_CONVERSION = YES;
				CLANG_WARN_NON_LITERAL_NULL_CONVERSION = YES;
				CLANG_WARN_OBJC_IMPLICIT_RETAIN_SELF = YES;
				CLANG_WARN_OBJC_LITERAL_CONVERSION = YES;
				CLANG_WARN_OBJC_ROOT_CLASS = YES_ERROR;
				CLANG_WARN_QUOTED_INCLUDE_IN_FRAMEWORK_HEADER = YES;
				CLANG_WARN_RANGE_LOOP_ANALYSIS = YES;
				CLANG_WARN_STRICT_PROTOTYPES = YES;
				CLANG_WARN_SUSPICIOUS_MOVE = YES;
				CLANG_WARN_UNGUARDED_AVAILABILITY = YES_AGGRESSIVE;
				CLANG_WARN_UNREACHABLE_CODE = YES;
				CLANG_WARN__DUPLICATE_METHOD_MATCH = YES;
				COPY_PHASE_STRIP = NO;
				DEBUG_INFORMATION_FORMAT = dwarf;
				ENABLE_STRICT_OBJC_MSGSEND = YES;
				ENABLE_TESTABILITY = YES;
				GCC_C_LANGUAGE_STANDARD = gnu11;
				GCC_DYNAMIC_NO_PIC = NO;
				GCC_NO_COMMON_BLOCKS = YES;
				GCC_OPTIMIZATION_LEVEL = 0;
				GCC_PREPROCESSOR_DEFINITIONS = (
					"DEBUG=1",
					"$(inherited)",
				);
				GCC_WARN_64_TO_32_BIT_CONVERSION = YES;
				GCC_WARN_ABOUT_RETURN_TYPE = YES_ERROR;
				GCC_WARN_UNDECLARED_SELECTOR = YES;
				GCC_WARN_UNINITIALIZED_AUTOS = YES_AGGRESSIVE;
				GCC_WARN_UNUSED_FUNCTION = YES;
				GCC_WARN_UNUSED_VARIABLE = YES;
				IPHONEOS_DEPLOYMENT_TARGET = 16.4;
				MTL_ENABLE_DEBUG_INFO = INCLUDE_SOURCE;
				MTL_FAST_MATH = YES;
				ONLY_ACTIVE_ARCH = YES;
				SDKROOT = iphoneos;
				SWIFT_ACTIVE_COMPILATION_CONDITIONS = DEBUG;
				SWIFT_OPTIMIZATION_LEVEL = "-Onone";
			};
			name = Debug;
		};
		8E18F5892A2BEC2F0054734F /* Release */ = {
			isa = XCBuildConfiguration;
			buildSettings = {
				ALWAYS_SEARCH_USER_PATHS = NO;
				CLANG_ANALYZER_NONNULL = YES;
				CLANG_ANALYZER_NUMBER_OBJECT_CONVERSION = YES_AGGRESSIVE;
				CLANG_CXX_LANGUAGE_STANDARD = "gnu++20";
				CLANG_ENABLE_MODULES = YES;
				CLANG_ENABLE_OBJC_ARC = YES;
				CLANG_ENABLE_OBJC_WEAK = YES;
				CLANG_WARN_BLOCK_CAPTURE_AUTORELEASING = YES;
				CLANG_WARN_BOOL_CONVERSION = YES;
				CLANG_WARN_COMMA = YES;
				CLANG_WARN_CONSTANT_CONVERSION = YES;
				CLANG_WARN_DEPRECATED_OBJC_IMPLEMENTATIONS = YES;
				CLANG_WARN_DIRECT_OBJC_ISA_USAGE = YES_ERROR;
				CLANG_WARN_DOCUMENTATION_COMMENTS = YES;
				CLANG_WARN_EMPTY_BODY = YES;
				CLANG_WARN_ENUM_CONVERSION = YES;
				CLANG_WARN_INFINITE_RECURSION = YES;
				CLANG_WARN_INT_CONVERSION = YES;
				CLANG_WARN_NON_LITERAL_NULL_CONVERSION = YES;
				CLANG_WARN_OBJC_IMPLICIT_RETAIN_SELF = YES;
				CLANG_WARN_OBJC_LITERAL_CONVERSION = YES;
				CLANG_WARN_OBJC_ROOT_CLASS = YES_ERROR;
				CLANG_WARN_QUOTED_INCLUDE_IN_FRAMEWORK_HEADER = YES;
				CLANG_WARN_RANGE_LOOP_ANALYSIS = YES;
				CLANG_WARN_STRICT_PROTOTYPES = YES;
				CLANG_WARN_SUSPICIOUS_MOVE = YES;
				CLANG_WARN_UNGUARDED_AVAILABILITY = YES_AGGRESSIVE;
				CLANG_WARN_UNREACHABLE_CODE = YES;
				CLANG_WARN__DUPLICATE_METHOD_MATCH = YES;
				COPY_PHASE_STRIP = NO;
				DEBUG_INFORMATION_FORMAT = "dwarf-with-dsym";
				ENABLE_NS_ASSERTIONS = NO;
				ENABLE_STRICT_OBJC_MSGSEND = YES;
				GCC_C_LANGUAGE_STANDARD = gnu11;
				GCC_NO_COMMON_BLOCKS = YES;
				GCC_WARN_64_TO_32_BIT_CONVERSION = YES;
				GCC_WARN_ABOUT_RETURN_TYPE = YES_ERROR;
				GCC_WARN_UNDECLARED_SELECTOR = YES;
				GCC_WARN_UNINITIALIZED_AUTOS = YES_AGGRESSIVE;
				GCC_WARN_UNUSED_FUNCTION = YES;
				GCC_WARN_UNUSED_VARIABLE = YES;
				IPHONEOS_DEPLOYMENT_TARGET = 16.4;
				MTL_ENABLE_DEBUG_INFO = NO;
				MTL_FAST_MATH = YES;
				SDKROOT = iphoneos;
				SWIFT_COMPILATION_MODE = wholemodule;
				SWIFT_OPTIMIZATION_LEVEL = "-O";
				VALIDATE_PRODUCT = YES;
			};
			name = Release;
		};
		8E18F58B2A2BEC2F0054734F /* Debug */ = {
			isa = XCBuildConfiguration;
			buildSettings = {
				ASSETCATALOG_COMPILER_APPICON_NAME = AppIcon;
				ASSETCATALOG_COMPILER_GLOBAL_ACCENT_COLOR_NAME = AccentColor;
				CODE_SIGN_STYLE = Automatic;
				CURRENT_PROJECT_VERSION = 1;
				DEVELOPMENT_ASSET_PATHS = "\"CharliesSpades/Preview Content\"";
				DEVELOPMENT_TEAM = 8MJVFA8KHL;
				ENABLE_PREVIEWS = YES;
				GENERATE_INFOPLIST_FILE = YES;
				INFOPLIST_KEY_UIApplicationSceneManifest_Generation = YES;
				INFOPLIST_KEY_UIApplicationSupportsIndirectInputEvents = YES;
				INFOPLIST_KEY_UILaunchScreen_Generation = YES;
				INFOPLIST_KEY_UISupportedInterfaceOrientations_iPad = "UIInterfaceOrientationPortrait UIInterfaceOrientationPortraitUpsideDown UIInterfaceOrientationLandscapeLeft UIInterfaceOrientationLandscapeRight";
				INFOPLIST_KEY_UISupportedInterfaceOrientations_iPhone = "UIInterfaceOrientationPortrait UIInterfaceOrientationLandscapeLeft UIInterfaceOrientationLandscapeRight";
				LD_RUNPATH_SEARCH_PATHS = (
					"$(inherited)",
					"@executable_path/Frameworks",
				);
				MARKETING_VERSION = 1.0;
				PRODUCT_BUNDLE_IDENTIFIER = EBLDev.CharliesSpades;
				PRODUCT_NAME = "$(TARGET_NAME)";
				SWIFT_EMIT_LOC_STRINGS = YES;
				SWIFT_VERSION = 5.0;
				TARGETED_DEVICE_FAMILY = "1,2";
			};
			name = Debug;
		};
		8E18F58C2A2BEC2F0054734F /* Release */ = {
			isa = XCBuildConfiguration;
			buildSettings = {
				ASSETCATALOG_COMPILER_APPICON_NAME = AppIcon;
				ASSETCATALOG_COMPILER_GLOBAL_ACCENT_COLOR_NAME = AccentColor;
				CODE_SIGN_STYLE = Automatic;
				CURRENT_PROJECT_VERSION = 1;
				DEVELOPMENT_ASSET_PATHS = "\"CharliesSpades/Preview Content\"";
				DEVELOPMENT_TEAM = 8MJVFA8KHL;
				ENABLE_PREVIEWS = YES;
				GENERATE_INFOPLIST_FILE = YES;
				INFOPLIST_KEY_UIApplicationSceneManifest_Generation = YES;
				INFOPLIST_KEY_UIApplicationSupportsIndirectInputEvents = YES;
				INFOPLIST_KEY_UILaunchScreen_Generation = YES;
				INFOPLIST_KEY_UISupportedInterfaceOrientations_iPad = "UIInterfaceOrientationPortrait UIInterfaceOrientationPortraitUpsideDown UIInterfaceOrientationLandscapeLeft UIInterfaceOrientationLandscapeRight";
				INFOPLIST_KEY_UISupportedInterfaceOrientations_iPhone = "UIInterfaceOrientationPortrait UIInterfaceOrientationLandscapeLeft UIInterfaceOrientationLandscapeRight";
				LD_RUNPATH_SEARCH_PATHS = (
					"$(inherited)",
					"@executable_path/Frameworks",
				);
				MARKETING_VERSION = 1.0;
				PRODUCT_BUNDLE_IDENTIFIER = EBLDev.CharliesSpades;
				PRODUCT_NAME = "$(TARGET_NAME)";
				SWIFT_EMIT_LOC_STRINGS = YES;
				SWIFT_VERSION = 5.0;
				TARGETED_DEVICE_FAMILY = "1,2";
			};
			name = Release;
		};
		8E18F58E2A2BEC2F0054734F /* Debug */ = {
			isa = XCBuildConfiguration;
			buildSettings = {
				ALWAYS_EMBED_SWIFT_STANDARD_LIBRARIES = YES;
				BUNDLE_LOADER = "$(TEST_HOST)";
				CODE_SIGN_STYLE = Automatic;
				CURRENT_PROJECT_VERSION = 1;
				DEVELOPMENT_TEAM = 8MJVFA8KHL;
				GENERATE_INFOPLIST_FILE = YES;
				IPHONEOS_DEPLOYMENT_TARGET = 16.4;
				MARKETING_VERSION = 1.0;
				PRODUCT_BUNDLE_IDENTIFIER = EBLDev.CharliesSpadesTests;
				PRODUCT_NAME = "$(TARGET_NAME)";
				SWIFT_EMIT_LOC_STRINGS = NO;
				SWIFT_VERSION = 5.0;
				TARGETED_DEVICE_FAMILY = "1,2";
				TEST_HOST = "$(BUILT_PRODUCTS_DIR)/CharliesSpades.app/$(BUNDLE_EXECUTABLE_FOLDER_PATH)/CharliesSpades";
			};
			name = Debug;
		};
		8E18F58F2A2BEC2F0054734F /* Release */ = {
			isa = XCBuildConfiguration;
			buildSettings = {
				ALWAYS_EMBED_SWIFT_STANDARD_LIBRARIES = YES;
				BUNDLE_LOADER = "$(TEST_HOST)";
				CODE_SIGN_STYLE = Automatic;
				CURRENT_PROJECT_VERSION = 1;
				DEVELOPMENT_TEAM = 8MJVFA8KHL;
				GENERATE_INFOPLIST_FILE = YES;
				IPHONEOS_DEPLOYMENT_TARGET = 16.4;
				MARKETING_VERSION = 1.0;
				PRODUCT_BUNDLE_IDENTIFIER = EBLDev.CharliesSpadesTests;
				PRODUCT_NAME = "$(TARGET_NAME)";
				SWIFT_EMIT_LOC_STRINGS = NO;
				SWIFT_VERSION = 5.0;
				TARGETED_DEVICE_FAMILY = "1,2";
				TEST_HOST = "$(BUILT_PRODUCTS_DIR)/CharliesSpades.app/$(BUNDLE_EXECUTABLE_FOLDER_PATH)/CharliesSpades";
			};
			name = Release;
		};
		8E18F5912A2BEC2F0054734F /* Debug */ = {
			isa = XCBuildConfiguration;
			buildSettings = {
				ALWAYS_EMBED_SWIFT_STANDARD_LIBRARIES = YES;
				CODE_SIGN_STYLE = Automatic;
				CURRENT_PROJECT_VERSION = 1;
				DEVELOPMENT_TEAM = 8MJVFA8KHL;
				GENERATE_INFOPLIST_FILE = YES;
				MARKETING_VERSION = 1.0;
				PRODUCT_BUNDLE_IDENTIFIER = EBLDev.CharliesSpadesUITests;
				PRODUCT_NAME = "$(TARGET_NAME)";
				SWIFT_EMIT_LOC_STRINGS = NO;
				SWIFT_VERSION = 5.0;
				TARGETED_DEVICE_FAMILY = "1,2";
				TEST_TARGET_NAME = CharliesSpades;
			};
			name = Debug;
		};
		8E18F5922A2BEC2F0054734F /* Release */ = {
			isa = XCBuildConfiguration;
			buildSettings = {
				ALWAYS_EMBED_SWIFT_STANDARD_LIBRARIES = YES;
				CODE_SIGN_STYLE = Automatic;
				CURRENT_PROJECT_VERSION = 1;
				DEVELOPMENT_TEAM = 8MJVFA8KHL;
				GENERATE_INFOPLIST_FILE = YES;
				MARKETING_VERSION = 1.0;
				PRODUCT_BUNDLE_IDENTIFIER = EBLDev.CharliesSpadesUITests;
				PRODUCT_NAME = "$(TARGET_NAME)";
				SWIFT_EMIT_LOC_STRINGS = NO;
				SWIFT_VERSION = 5.0;
				TARGETED_DEVICE_FAMILY = "1,2";
				TEST_TARGET_NAME = CharliesSpades;
			};
			name = Release;
		};
/* End XCBuildConfiguration section */

/* Begin XCConfigurationList section */
		8E18F5612A2BEC2B0054734F /* Build configuration list for PBXProject "CharliesSpades" */ = {
			isa = XCConfigurationList;
			buildConfigurations = (
				8E18F5882A2BEC2F0054734F /* Debug */,
				8E18F5892A2BEC2F0054734F /* Release */,
			);
			defaultConfigurationIsVisible = 0;
			defaultConfigurationName = Release;
		};
		8E18F58A2A2BEC2F0054734F /* Build configuration list for PBXNativeTarget "CharliesSpades" */ = {
			isa = XCConfigurationList;
			buildConfigurations = (
				8E18F58B2A2BEC2F0054734F /* Debug */,
				8E18F58C2A2BEC2F0054734F /* Release */,
			);
			defaultConfigurationIsVisible = 0;
			defaultConfigurationName = Release;
		};
		8E18F58D2A2BEC2F0054734F /* Build configuration list for PBXNativeTarget "CharliesSpadesTests" */ = {
			isa = XCConfigurationList;
			buildConfigurations = (
				8E18F58E2A2BEC2F0054734F /* Debug */,
				8E18F58F2A2BEC2F0054734F /* Release */,
			);
			defaultConfigurationIsVisible = 0;
			defaultConfigurationName = Release;
		};
		8E18F5902A2BEC2F0054734F /* Build configuration list for PBXNativeTarget "CharliesSpadesUITests" */ = {
			isa = XCConfigurationList;
			buildConfigurations = (
				8E18F5912A2BEC2F0054734F /* Debug */,
				8E18F5922A2BEC2F0054734F /* Release */,
			);
			defaultConfigurationIsVisible = 0;
			defaultConfigurationName = Release;
		};
/* End XCConfigurationList section */
	};
	rootObject = 8E18F55E2A2BEC2B0054734F /* Project object */;
}
