// !$*UTF8*$!
{
	archiveVersion = 1;
	classes = {
	};
	objectVersion = 56;
	objects = {

/* Begin PBXBuildFile section */
		8E18F56A2A2BEC2B0054734F /* JoeySpadesApp.swift in Sources */ = {isa = PBXBuildFile; fileRef = 8E18F5692A2BEC2B0054734F /* JoeySpadesApp.swift */; };
		8E18F56C2A2BEC2B0054734F /* ContentView.swift in Sources */ = {isa = PBXBuildFile; fileRef = 8E18F56B2A2BEC2B0054734F /* ContentView.swift */; };
		8E18F56E2A2BEC2E0054734F /* Assets.xcassets in Resources */ = {isa = PBXBuildFile; fileRef = 8E18F56D2A2BEC2E0054734F /* Assets.xcassets */; };
		8E18F5712A2BEC2E0054734F /* Preview Assets.xcassets in Resources */ = {isa = PBXBuildFile; fileRef = 8E18F5702A2BEC2E0054734F /* Preview Assets.xcassets */; };
		8E18F57B2A2BEC2F0054734F /* CharliesSpadesTests.swift in Sources */ = {isa = PBXBuildFile; fileRef = 8E18F57A2A2BEC2F0054734F /* CharliesSpadesTests.swift */; };
		8E18F5852A2BEC2F0054734F /* CharliesSpadesUITests.swift in Sources */ = {isa = PBXBuildFile; fileRef = 8E18F5842A2BEC2F0054734F /* CharliesSpadesUITests.swift */; };
		8E18F5872A2BEC2F0054734F /* CharliesSpadesUITestsLaunchTests.swift in Sources */ = {isa = PBXBuildFile; fileRef = 8E18F5862A2BEC2F0054734F /* CharliesSpadesUITestsLaunchTests.swift */; };
		8EB3FDB22C74E76A00140C7D /* PlayerListView.swift in Sources */ = {isa = PBXBuildFile; fileRef = 8EB3FDB12C74E76A00140C7D /* PlayerListView.swift */; };
		8EB3FDB42C74E84500140C7D /* BidInputView.swift in Sources */ = {isa = PBXBuildFile; fileRef = 8EB3FDB32C74E84500140C7D /* BidInputView.swift */; };
		8EB3FDB62C74E88600140C7D /* TrickCountInputView.swift in Sources */ = {isa = PBXBuildFile; fileRef = 8EB3FDB52C74E88600140C7D /* TrickCountInputView.swift */; };
		8EB3FDB92C74E91900140C7D /* ScoreboardView.swift in Sources */ = {isa = PBXBuildFile; fileRef = 8EB3FDB82C74E91900140C7D /* ScoreboardView.swift */; };
		8EB3FDBB2C74FF5B00140C7D /* RoundSummaryView.swift in Sources */ = {isa = PBXBuildFile; fileRef = 8EB3FDBA2C74FF5B00140C7D /* RoundSummaryView.swift */; };
		8EB3FDBD2C75955E00140C7D /* .gitignore in Resources */ = {isa = PBXBuildFile; fileRef = 8EB3FDBC2C75955E00140C7D /* .gitignore */; };
		8EC7CA9C2A3903DF0099EBF1 /* Game.swift in Sources */ = {isa = PBXBuildFile; fileRef = 8EC7CA9B2A3903DF0099EBF1 /* Game.swift */; };
		8EEF4B322A2C35E600347C34 /* Player.swift in Sources */ = {isa = PBXBuildFile; fileRef = 8EEF4B312A2C35E600347C34 /* Player.swift */; };
/* End PBXBuildFile section */

/* Begin PBXContainerItemProxy section */
		8E18F5772A2BEC2F0054734F /* PBXContainerItemProxy */ = {
			isa = PBXContainerItemProxy;
			containerPortal = 8E18F55E2A2BEC2B0054734F /* Project object */;
			proxyType = 1;
			remoteGlobalIDString = 8E18F5652A2BEC2B0054734F;
			remoteInfo = CharliesSpades;
		};
		8E18F5812A2BEC2F0054734F /* PBXContainerItemProxy */ = {
			isa = PBXContainerItemProxy;
			containerPortal = 8E18F55E2A2BEC2B0054734F /* Project object */;
			proxyType = 1;
			remoteGlobalIDString = 8E18F5652A2BEC2B0054734F;
			remoteInfo = CharliesSpades;
		};
/* End PBXContainerItemProxy section */

/* Begin PBXFileReference section */
		8E18F5662A2BEC2B0054734F /* JoeySpades.app */ = {isa = PBXFileReference; explicitFileType = wrapper.application; includeInIndex = 0; path = JoeySpades.app; sourceTree = BUILT_PRODUCTS_DIR; };
		8E18F5692A2BEC2B0054734F /* JoeySpadesApp.swift */ = {isa = PBXFileReference; lastKnownFileType = sourcecode.swift; path = JoeySpadesApp.swift; sourceTree = "<group>"; };
		8E18F56B2A2BEC2B0054734F /* ContentView.swift */ = {isa = PBXFileReference; lastKnownFileType = sourcecode.swift; path = ContentView.swift; sourceTree = "<group>"; };
		8E18F56D2A2BEC2E0054734F /* Assets.xcassets */ = {isa = PBXFileReference; lastKnownFileType = folder.assetcatalog; path = Assets.xcassets; sourceTree = "<group>"; };
		8E18F5702A2BEC2E0054734F /* Preview Assets.xcassets */ = {isa = PBXFileReference; lastKnownFileType = folder.assetcatalog; path = "Preview Assets.xcassets"; sourceTree = "<group>"; };
		8E18F5762A2BEC2F0054734F /* JoeySpadesTests.xctest */ = {isa = PBXFileReference; explicitFileType = wrapper.cfbundle; includeInIndex = 0; path = JoeySpadesTests.xctest; sourceTree = BUILT_PRODUCTS_DIR; };
		8E18F57A2A2BEC2F0054734F /* CharliesSpadesTests.swift */ = {isa = PBXFileReference; lastKnownFileType = sourcecode.swift; path = CharliesSpadesTests.swift; sourceTree = "<group>"; };
		8E18F5802A2BEC2F0054734F /* JoeySpadesUITests.xctest */ = {isa = PBXFileReference; explicitFileType = wrapper.cfbundle; includeInIndex = 0; path = JoeySpadesUITests.xctest; sourceTree = BUILT_PRODUCTS_DIR; };
		8E18F5842A2BEC2F0054734F /* CharliesSpadesUITests.swift */ = {isa = PBXFileReference; lastKnownFileType = sourcecode.swift; path = CharliesSpadesUITests.swift; sourceTree = "<group>"; };
		8E18F5862A2BEC2F0054734F /* CharliesSpadesUITestsLaunchTests.swift */ = {isa = PBXFileReference; lastKnownFileType = sourcecode.swift; path = CharliesSpadesUITestsLaunchTests.swift; sourceTree = "<group>"; };
		8EB3FDB12C74E76A00140C7D /* PlayerListView.swift */ = {isa = PBXFileReference; lastKnownFileType = sourcecode.swift; path = PlayerListView.swift; sourceTree = "<group>"; };
		8EB3FDB32C74E84500140C7D /* BidInputView.swift */ = {isa = PBXFileReference; lastKnownFileType = sourcecode.swift; path = BidInputView.swift; sourceTree = "<group>"; };
		8EB3FDB52C74E88600140C7D /* TrickCountInputView.swift */ = {isa = PBXFileReference; lastKnownFileType = sourcecode.swift; path = TrickCountInputView.swift; sourceTree = "<group>"; };
		8EB3FDB82C74E91900140C7D /* ScoreboardView.swift */ = {isa = PBXFileReference; lastKnownFileType = sourcecode.swift; path = ScoreboardView.swift; sourceTree = "<group>"; };
		8EB3FDBA2C74FF5B00140C7D /* RoundSummaryView.swift */ = {isa = PBXFileReference; lastKnownFileType = sourcecode.swift; path = RoundSummaryView.swift; sourceTree = "<group>"; };
		8EB3FDBC2C75955E00140C7D /* .gitignore */ = {isa = PBXFileReference; lastKnownFileType = text; path = .gitignore; sourceTree = "<group>"; };
		8EC7CA9B2A3903DF0099EBF1 /* Game.swift */ = {isa = PBXFileReference; lastKnownFileType = sourcecode.swift; path = Game.swift; sourceTree = "<group>"; };
		8EEF4B312A2C35E600347C34 /* Player.swift */ = {isa = PBXFileReference; lastKnownFileType = sourcecode.swift; path = Player.swift; sourceTree = "<group>"; };
/* End PBXFileReference section */

/* Begin PBXFrameworksBuildPhase section */
		8E18F5632A2BEC2B0054734F /* Frameworks */ = {
			isa = PBXFrameworksBuildPhase;
			buildActionMask = 2147483647;
			files = (
			);
			runOnlyForDeploymentPostprocessing = 0;
		};
		8E18F5732A2BEC2F0054734F /* Frameworks */ = {
			isa = PBXFrameworksBuildPhase;
			buildActionMask = 2147483647;
			files = (
			);
			runOnlyForDeploymentPostprocessing = 0;
		};
		8E18F57D2A2BEC2F0054734F /* Frameworks */ = {
			isa = PBXFrameworksBuildPhase;
			buildActionMask = 2147483647;
			files = (
			);
			runOnlyForDeploymentPostprocessing = 0;
		};
/* End PBXFrameworksBuildPhase section */

/* Begin PBXGroup section */
		8E18F55D2A2BEC2B0054734F = {
			isa = PBXGroup;
			children = (
				8EB3FDBC2C75955E00140C7D /* .gitignore */,
				8E18F5682A2BEC2B0054734F /* JoeySpades */,
				8E18F5792A2BEC2F0054734F /* JoeySpadesTests */,
				8E18F5832A2BEC2F0054734F /* JoeySpadesUITests */,
				8E18F5672A2BEC2B0054734F /* Products */,
			);
			sourceTree = "<group>";
		};
		8E18F5672A2BEC2B0054734F /* Products */ = {
			isa = PBXGroup;
			children = (
				8E18F5662A2BEC2B0054734F /* JoeySpades.app */,
				8E18F5762A2BEC2F0054734F /* JoeySpadesTests.xctest */,
				8E18F5802A2BEC2F0054734F /* JoeySpadesUITests.xctest */,
			);
			name = Products;
			sourceTree = "<group>";
		};
		8E18F5682A2BEC2B0054734F /* JoeySpades */ = {
			isa = PBXGroup;
			children = (
				8EB3FDB72C74E8F500140C7D /* Views */,
				8EEF4B302A2C35D300347C34 /* Models */,
				8E18F5692A2BEC2B0054734F /* JoeySpadesApp.swift */,
				8E18F56D2A2BEC2E0054734F /* Assets.xcassets */,
				8E18F56F2A2BEC2E0054734F /* Preview Content */,
			);
			path = JoeySpades;
			sourceTree = "<group>";
		};
		8E18F56F2A2BEC2E0054734F /* Preview Content */ = {
			isa = PBXGroup;
			children = (
				8E18F5702A2BEC2E0054734F /* Preview Assets.xcassets */,
			);
			path = "Preview Content";
			sourceTree = "<group>";
		};
		8E18F5792A2BEC2F0054734F /* JoeySpadesTests */ = {
			isa = PBXGroup;
			children = (
				8E18F57A2A2BEC2F0054734F /* CharliesSpadesTests.swift */,
			);
			path = JoeySpadesTests;
			sourceTree = "<group>";
		};
		8E18F5832A2BEC2F0054734F /* JoeySpadesUITests */ = {
			isa = PBXGroup;
			children = (
				8E18F5842A2BEC2F0054734F /* CharliesSpadesUITests.swift */,
				8E18F5862A2BEC2F0054734F /* CharliesSpadesUITestsLaunchTests.swift */,
			);
			path = JoeySpadesUITests;
			sourceTree = "<group>";
		};
		8EB3FDB72C74E8F500140C7D /* Views */ = {
			isa = PBXGroup;
			children = (
				8EB3FDB12C74E76A00140C7D /* PlayerListView.swift */,
				8EB3FDB32C74E84500140C7D /* BidInputView.swift */,
				8EB3FDB52C74E88600140C7D /* TrickCountInputView.swift */,
				8EB3FDB82C74E91900140C7D /* ScoreboardView.swift */,
				8E18F56B2A2BEC2B0054734F /* ContentView.swift */,
				8EB3FDBA2C74FF5B00140C7D /* RoundSummaryView.swift */,
			);
			path = Views;
			sourceTree = "<group>";
		};
		8EEF4B302A2C35D300347C34 /* Models */ = {
			isa = PBXGroup;
			children = (
				8EEF4B312A2C35E600347C34 /* Player.swift */,
				8EC7CA9B2A3903DF0099EBF1 /* Game.swift */,
			);
			path = Models;
			sourceTree = "<group>";
		};
/* End PBXGroup section */

/* Begin PBXNativeTarget section */
		8E18F5652A2BEC2B0054734F /* JoeySpades */ = {
			isa = PBXNativeTarget;
			buildConfigurationList = 8E18F58A2A2BEC2F0054734F /* Build configuration list for PBXNativeTarget "JoeySpades" */;
			buildPhases = (
				8E18F5622A2BEC2B0054734F /* Sources */,
				8E18F5632A2BEC2B0054734F /* Frameworks */,
				8E18F5642A2BEC2B0054734F /* Resources */,
			);
			buildRules = (
			);
			dependencies = (
			);
			name = JoeySpades;
			productName = CharliesSpades;
			productReference = 8E18F5662A2BEC2B0054734F /* JoeySpades.app */;
			productType = "com.apple.product-type.application";
		};
		8E18F5752A2BEC2F0054734F /* JoeySpadesTests */ = {
			isa = PBXNativeTarget;
			buildConfigurationList = 8E18F58D2A2BEC2F0054734F /* Build configuration list for PBXNativeTarget "JoeySpadesTests" */;
			buildPhases = (
				8E18F5722A2BEC2F0054734F /* Sources */,
				8E18F5732A2BEC2F0054734F /* Frameworks */,
				8E18F5742A2BEC2F0054734F /* Resources */,
			);
			buildRules = (
			);
			dependencies = (
				8E18F5782A2BEC2F0054734F /* PBXTargetDependency */,
			);
			name = JoeySpadesTests;
			productName = CharliesSpadesTests;
			productReference = 8E18F5762A2BEC2F0054734F /* JoeySpadesTests.xctest */;
			productType = "com.apple.product-type.bundle.unit-test";
		};
		8E18F57F2A2BEC2F0054734F /* JoeySpadesUITests */ = {
			isa = PBXNativeTarget;
			buildConfigurationList = 8E18F5902A2BEC2F0054734F /* Build configuration list for PBXNativeTarget "JoeySpadesUITests" */;
			buildPhases = (
				8E18F57C2A2BEC2F0054734F /* Sources */,
				8E18F57D2A2BEC2F0054734F /* Frameworks */,
				8E18F57E2A2BEC2F0054734F /* Resources */,
			);
			buildRules = (
			);
			dependencies = (
				8E18F5822A2BEC2F0054734F /* PBXTargetDependency */,
			);
			name = JoeySpadesUITests;
			productName = CharliesSpadesUITests;
			productReference = 8E18F5802A2BEC2F0054734F /* JoeySpadesUITests.xctest */;
			productType = "com.apple.product-type.bundle.ui-testing";
		};
/* End PBXNativeTarget section */

/* Begin PBXProject section */
		8E18F55E2A2BEC2B0054734F /* Project object */ = {
			isa = PBXProject;
			attributes = {
				BuildIndependentTargetsInParallel = 1;
				LastSwiftUpdateCheck = 1430;
				LastUpgradeCheck = 1540;
				TargetAttributes = {
					8E18F5652A2BEC2B0054734F = {
						CreatedOnToolsVersion = 14.3;
					};
					8E18F5752A2BEC2F0054734F = {
						CreatedOnToolsVersion = 14.3;
						TestTargetID = 8E18F5652A2BEC2B0054734F;
					};
					8E18F57F2A2BEC2F0054734F = {
						CreatedOnToolsVersion = 14.3;
						TestTargetID = 8E18F5652A2BEC2B0054734F;
					};
				};
			};
			buildConfigurationList = 8E18F5612A2BEC2B0054734F /* Build configuration list for PBXProject "JoeySpades" */;
			compatibilityVersion = "Xcode 14.0";
			developmentRegion = en;
			hasScannedForEncodings = 0;
			knownRegions = (
				en,
				Base,
			);
			mainGroup = 8E18F55D2A2BEC2B0054734F;
			productRefGroup = 8E18F5672A2BEC2B0054734F /* Products */;
			projectDirPath = "";
			projectRoot = "";
			targets = (
				8E18F5652A2BEC2B0054734F /* JoeySpades */,
				8E18F5752A2BEC2F0054734F /* JoeySpadesTests */,
				8E18F57F2A2BEC2F0054734F /* JoeySpadesUITests */,
			);
		};
/* End PBXProject section */

/* Begin PBXResourcesBuildPhase section */
		8E18F5642A2BEC2B0054734F /* Resources */ = {
			isa = PBXResourcesBuildPhase;
			buildActionMask = 2147483647;
			files = (
				8E18F5712A2BEC2E0054734F /* Preview Assets.xcassets in Resources */,
				8EB3FDBD2C75955E00140C7D /* .gitignore in Resources */,
				8E18F56E2A2BEC2E0054734F /* Assets.xcassets in Resources */,
			);
			runOnlyForDeploymentPostprocessing = 0;
		};
		8E18F5742A2BEC2F0054734F /* Resources */ = {
			isa = PBXResourcesBuildPhase;
			buildActionMask = 2147483647;
			files = (
			);
			runOnlyForDeploymentPostprocessing = 0;
		};
		8E18F57E2A2BEC2F0054734F /* Resources */ = {
			isa = PBXResourcesBuildPhase;
			buildActionMask = 2147483647;
			files = (
			);
			runOnlyForDeploymentPostprocessing = 0;
		};
/* End PBXResourcesBuildPhase section */

/* Begin PBXSourcesBuildPhase section */
		8E18F5622A2BEC2B0054734F /* Sources */ = {
			isa = PBXSourcesBuildPhase;
			buildActionMask = 2147483647;
			files = (
				8EEF4B322A2C35E600347C34 /* Player.swift in Sources */,
				8EB3FDB42C74E84500140C7D /* BidInputView.swift in Sources */,
				8EB3FDB22C74E76A00140C7D /* PlayerListView.swift in Sources */,
				8EB3FDBB2C74FF5B00140C7D /* RoundSummaryView.swift in Sources */,
				8E18F56C2A2BEC2B0054734F /* ContentView.swift in Sources */,
				8EB3FDB62C74E88600140C7D /* TrickCountInputView.swift in Sources */,
				8EC7CA9C2A3903DF0099EBF1 /* Game.swift in Sources */,
				8EB3FDB92C74E91900140C7D /* ScoreboardView.swift in Sources */,
				8E18F56A2A2BEC2B0054734F /* JoeySpadesApp.swift in Sources */,
			);
			runOnlyForDeploymentPostprocessing = 0;
		};
		8E18F5722A2BEC2F0054734F /* Sources */ = {
			isa = PBXSourcesBuildPhase;
			buildActionMask = 2147483647;
			files = (
				8E18F57B2A2BEC2F0054734F /* CharliesSpadesTests.swift in Sources */,
			);
			runOnlyForDeploymentPostprocessing = 0;
		};
		8E18F57C2A2BEC2F0054734F /* Sources */ = {
			isa = PBXSourcesBuildPhase;
			buildActionMask = 2147483647;
			files = (
				8E18F5852A2BEC2F0054734F /* CharliesSpadesUITests.swift in Sources */,
				8E18F5872A2BEC2F0054734F /* CharliesSpadesUITestsLaunchTests.swift in Sources */,
			);
			runOnlyForDeploymentPostprocessing = 0;
		};
/* End PBXSourcesBuildPhase section */

/* Begin PBXTargetDependency section */
		8E18F5782A2BEC2F0054734F /* PBXTargetDependency */ = {
			isa = PBXTargetDependency;
			target = 8E18F5652A2BEC2B0054734F /* JoeySpades */;
			targetProxy = 8E18F5772A2BEC2F0054734F /* PBXContainerItemProxy */;
		};
		8E18F5822A2BEC2F0054734F /* PBXTargetDependency */ = {
			isa = PBXTargetDependency;
			target = 8E18F5652A2BEC2B0054734F /* JoeySpades */;
			targetProxy = 8E18F5812A2BEC2F0054734F /* PBXContainerItemProxy */;
		};
/* End PBXTargetDependency section */

/* Begin XCBuildConfiguration section */
		8E18F5882A2BEC2F0054734F /* Debug */ = {
			isa = XCBuildConfiguration;
			buildSettings = {
				ALWAYS_SEARCH_USER_PATHS = NO;
				CLANG_ANALYZER_NONNULL = YES;
				CLANG_ANALYZER_NUMBER_OBJECT_CONVERSION = YES_AGGRESSIVE;
				CLANG_CXX_LANGUAGE_STANDARD = "gnu++20";
				CLANG_ENABLE_MODULES = YES;
				CLANG_ENABLE_OBJC_ARC = YES;
				CLANG_ENABLE_OBJC_WEAK = YES;
				CLANG_WARN_BLOCK_CAPTURE_AUTORELEASING = YES;
				CLANG_WARN_BOOL_CONVERSION = YES;
				CLANG_WARN_COMMA = YES;
				CLANG_WARN_CONSTANT_CONVERSION = YES;
				CLANG_WARN_DEPRECATED_OBJC_IMPLEMENTATIONS = YES;
				CLANG_WARN_DIRECT_OBJC_ISA_USAGE = YES_ERROR;
				CLANG_WARN_DOCUMENTATION_COMMENTS = YES;
				CLANG_WARN_EMPTY_BODY = YES;
				CLANG_WARN_ENUM_CONVERSION = YES;
				CLANG_WARN_INFINITE_RECURSION = YES;
				CLANG_WARN_INT_CONVERSION = YES;
				CLANG_WARN_NON_LITERAL_NULL_CONVERSION = YES;
				CLANG_WARN_OBJC_IMPLICIT_RETAIN_SELF = YES;
				CLANG_WARN_OBJC_LITERAL_CONVERSION = YES;
				CLANG_WARN_OBJC_ROOT_CLASS = YES_ERROR;
				CLANG_WARN_QUOTED_INCLUDE_IN_FRAMEWORK_HEADER = YES;
				CLANG_WARN_RANGE_LOOP_ANALYSIS = YES;
				CLANG_WARN_STRICT_PROTOTYPES = YES;
				CLANG_WARN_SUSPICIOUS_MOVE = YES;
				CLANG_WARN_UNGUARDED_AVAILABILITY = YES_AGGRESSIVE;
				CLANG_WARN_UNREACHABLE_CODE = YES;
				CLANG_WARN__DUPLICATE_METHOD_MATCH = YES;
				COPY_PHASE_STRIP = NO;
				DEBUG_INFORMATION_FORMAT = dwarf;
				ENABLE_STRICT_OBJC_MSGSEND = YES;
				ENABLE_TESTABILITY = YES;
				ENABLE_USER_SCRIPT_SANDBOXING = YES;
				GCC_C_LANGUAGE_STANDARD = gnu11;
				GCC_DYNAMIC_NO_PIC = NO;
				GCC_NO_COMMON_BLOCKS = YES;
				GCC_OPTIMIZATION_LEVEL = 0;
				GCC_PREPROCESSOR_DEFINITIONS = (
					"DEBUG=1",
					"$(inherited)",
				);
				GCC_WARN_64_TO_32_BIT_CONVERSION = YES;
				GCC_WARN_ABOUT_RETURN_TYPE = YES_ERROR;
				GCC_WARN_UNDECLARED_SELECTOR = YES;
				GCC_WARN_UNINITIALIZED_AUTOS = YES_AGGRESSIVE;
				GCC_WARN_UNUSED_FUNCTION = YES;
				GCC_WARN_UNUSED_VARIABLE = YES;
				IPHONEOS_DEPLOYMENT_TARGET = 16.4;
				MTL_ENABLE_DEBUG_INFO = INCLUDE_SOURCE;
				MTL_FAST_MATH = YES;
				ONLY_ACTIVE_ARCH = YES;
				SDKROOT = iphoneos;
				SWIFT_ACTIVE_COMPILATION_CONDITIONS = DEBUG;
				SWIFT_OPTIMIZATION_LEVEL = "-Onone";
			};
			name = Debug;
		};
		8E18F5892A2BEC2F0054734F /* Release */ = {
			isa = XCBuildConfiguration;
			buildSettings = {
				ALWAYS_SEARCH_USER_PATHS = NO;
				CLANG_ANALYZER_NONNULL = YES;
				CLANG_ANALYZER_NUMBER_OBJECT_CONVERSION = YES_AGGRESSIVE;
				CLANG_CXX_LANGUAGE_STANDARD = "gnu++20";
				CLANG_ENABLE_MODULES = YES;
				CLANG_ENABLE_OBJC_ARC = YES;
				CLANG_ENABLE_OBJC_WEAK = YES;
				CLANG_WARN_BLOCK_CAPTURE_AUTORELEASING = YES;
				CLANG_WARN_BOOL_CONVERSION = YES;
				CLANG_WARN_COMMA = YES;
				CLANG_WARN_CONSTANT_CONVERSION = YES;
				CLANG_WARN_DEPRECATED_OBJC_IMPLEMENTATIONS = YES;
				CLANG_WARN_DIRECT_OBJC_ISA_USAGE = YES_ERROR;
				CLANG_WARN_DOCUMENTATION_COMMENTS = YES;
				CLANG_WARN_EMPTY_BODY = YES;
				CLANG_WARN_ENUM_CONVERSION = YES;
				CLANG_WARN_INFINITE_RECURSION = YES;
				CLANG_WARN_INT_CONVERSION = YES;
				CLANG_WARN_NON_LITERAL_NULL_CONVERSION = YES;
				CLANG_WARN_OBJC_IMPLICIT_RETAIN_SELF = YES;
				CLANG_WARN_OBJC_LITERAL_CONVERSION = YES;
				CLANG_WARN_OBJC_ROOT_CLASS = YES_ERROR;
				CLANG_WARN_QUOTED_INCLUDE_IN_FRAMEWORK_HEADER = YES;
				CLANG_WARN_RANGE_LOOP_ANALYSIS = YES;
				CLANG_WARN_STRICT_PROTOTYPES = YES;
				CLANG_WARN_SUSPICIOUS_MOVE = YES;
				CLANG_WARN_UNGUARDED_AVAILABILITY = YES_AGGRESSIVE;
				CLANG_WARN_UNREACHABLE_CODE = YES;
				CLANG_WARN__DUPLICATE_METHOD_MATCH = YES;
				COPY_PHASE_STRIP = NO;
				DEBUG_INFORMATION_FORMAT = "dwarf-with-dsym";
				ENABLE_NS_ASSERTIONS = NO;
				ENABLE_STRICT_OBJC_MSGSEND = YES;
				ENABLE_USER_SCRIPT_SANDBOXING = YES;
				GCC_C_LANGUAGE_STANDARD = gnu11;
				GCC_NO_COMMON_BLOCKS = YES;
				GCC_WARN_64_TO_32_BIT_CONVERSION = YES;
				GCC_WARN_ABOUT_RETURN_TYPE = YES_ERROR;
				GCC_WARN_UNDECLARED_SELECTOR = YES;
				GCC_WARN_UNINITIALIZED_AUTOS = YES_AGGRESSIVE;
				GCC_WARN_UNUSED_FUNCTION = YES;
				GCC_WARN_UNUSED_VARIABLE = YES;
				IPHONEOS_DEPLOYMENT_TARGET = 16.4;
				MTL_ENABLE_DEBUG_INFO = NO;
				MTL_FAST_MATH = YES;
				SDKROOT = iphoneos;
				SWIFT_COMPILATION_MODE = wholemodule;
				SWIFT_OPTIMIZATION_LEVEL = "-O";
				VALIDATE_PRODUCT = YES;
			};
			name = Release;
		};
		8E18F58B2A2BEC2F0054734F /* Debug */ = {
			isa = XCBuildConfiguration;
			buildSettings = {
				ASSETCATALOG_COMPILER_APPICON_NAME = AppIcon;
				ASSETCATALOG_COMPILER_GLOBAL_ACCENT_COLOR_NAME = AccentColor;
				CODE_SIGN_STYLE = Automatic;
				CURRENT_PROJECT_VERSION = 1;
				DEVELOPMENT_ASSET_PATHS = "\"JoeySpades/Preview Content\"";
				DEVELOPMENT_TEAM = 8MJVFA8KHL;
				ENABLE_PREVIEWS = YES;
				GENERATE_INFOPLIST_FILE = YES;
				INFOPLIST_KEY_CFBundleDisplayName = "Carlies Spades Score Card";
				INFOPLIST_KEY_LSApplicationCategoryType = "public.app-category.card-games";
				INFOPLIST_KEY_UIApplicationSceneManifest_Generation = YES;
				INFOPLIST_KEY_UIApplicationSupportsIndirectInputEvents = YES;
				INFOPLIST_KEY_UILaunchScreen_Generation = YES;
				INFOPLIST_KEY_UISupportedInterfaceOrientations_iPad = "UIInterfaceOrientationPortrait UIInterfaceOrientationPortraitUpsideDown UIInterfaceOrientationLandscapeLeft UIInterfaceOrientationLandscapeRight";
				INFOPLIST_KEY_UISupportedInterfaceOrientations_iPhone = "UIInterfaceOrientationPortrait UIInterfaceOrientationLandscapeLeft UIInterfaceOrientationLandscapeRight";
				LD_RUNPATH_SEARCH_PATHS = (
					"$(inherited)",
					"@executable_path/Frameworks",
				);
				MARKETING_VERSION = 1.0;
				PRODUCT_BUNDLE_IDENTIFIER = EBLDev.JoeySpades;
				PRODUCT_NAME = "$(TARGET_NAME)";
				SWIFT_EMIT_LOC_STRINGS = YES;
				SWIFT_VERSION = 5.0;
				TARGETED_DEVICE_FAMILY = "1,2";
			};
			name = Debug;
		};
		8E18F58C2A2BEC2F0054734F /* Release */ = {
			isa = XCBuildConfiguration;
			buildSettings = {
				ASSETCATALOG_COMPILER_APPICON_NAME = AppIcon;
				ASSETCATALOG_COMPILER_GLOBAL_ACCENT_COLOR_NAME = AccentColor;
				CODE_SIGN_STYLE = Automatic;
				CURRENT_PROJECT_VERSION = 1;
				DEVELOPMENT_ASSET_PATHS = "\"JoeySpades/Preview Content\"";
				DEVELOPMENT_TEAM = 8MJVFA8KHL;
				ENABLE_PREVIEWS = YES;
				GENERATE_INFOPLIST_FILE = YES;
				INFOPLIST_KEY_CFBundleDisplayName = "Carlies Spades Score Card";
				INFOPLIST_KEY_LSApplicationCategoryType = "public.app-category.card-games";
				INFOPLIST_KEY_UIApplicationSceneManifest_Generation = YES;
				INFOPLIST_KEY_UIApplicationSupportsIndirectInputEvents = YES;
				INFOPLIST_KEY_UILaunchScreen_Generation = YES;
				INFOPLIST_KEY_UISupportedInterfaceOrientations_iPad = "UIInterfaceOrientationPortrait UIInterfaceOrientationPortraitUpsideDown UIInterfaceOrientationLandscapeLeft UIInterfaceOrientationLandscapeRight";
				INFOPLIST_KEY_UISupportedInterfaceOrientations_iPhone = "UIInterfaceOrientationPortrait UIInterfaceOrientationLandscapeLeft UIInterfaceOrientationLandscapeRight";
				LD_RUNPATH_SEARCH_PATHS = (
					"$(inherited)",
					"@executable_path/Frameworks",
				);
				MARKETING_VERSION = 1.0;
				PRODUCT_BUNDLE_IDENTIFIER = EBLDev.JoeySpades;
				PRODUCT_NAME = "$(TARGET_NAME)";
				SWIFT_EMIT_LOC_STRINGS = YES;
				SWIFT_VERSION = 5.0;
				TARGETED_DEVICE_FAMILY = "1,2";
			};
			name = Release;
		};
		8E18F58E2A2BEC2F0054734F /* Debug */ = {
			isa = XCBuildConfiguration;
			buildSettings = {
				ALWAYS_EMBED_SWIFT_STANDARD_LIBRARIES = YES;
				BUNDLE_LOADER = "$(TEST_HOST)";
				CODE_SIGN_STYLE = Automatic;
				CURRENT_PROJECT_VERSION = 1;
				DEVELOPMENT_TEAM = 8MJVFA8KHL;
				GENERATE_INFOPLIST_FILE = YES;
				IPHONEOS_DEPLOYMENT_TARGET = 16.4;
				MARKETING_VERSION = 1.0;
				PRODUCT_BUNDLE_IDENTIFIER = EBLDev.CharliesSpadesTests;
				PRODUCT_NAME = "$(TARGET_NAME)";
				SWIFT_EMIT_LOC_STRINGS = NO;
				SWIFT_VERSION = 5.0;
				TARGETED_DEVICE_FAMILY = "1,2";
				TEST_HOST = "$(BUILT_PRODUCTS_DIR)/JoeySpades.app/$(BUNDLE_EXECUTABLE_FOLDER_PATH)/JoeySpades";
			};
			name = Debug;
		};
		8E18F58F2A2BEC2F0054734F /* Release */ = {
			isa = XCBuildConfiguration;
			buildSettings = {
				ALWAYS_EMBED_SWIFT_STANDARD_LIBRARIES = YES;
				BUNDLE_LOADER = "$(TEST_HOST)";
				CODE_SIGN_STYLE = Automatic;
				CURRENT_PROJECT_VERSION = 1;
				DEVELOPMENT_TEAM = 8MJVFA8KHL;
				GENERATE_INFOPLIST_FILE = YES;
				IPHONEOS_DEPLOYMENT_TARGET = 16.4;
				MARKETING_VERSION = 1.0;
				PRODUCT_BUNDLE_IDENTIFIER = EBLDev.CharliesSpadesTests;
				PRODUCT_NAME = "$(TARGET_NAME)";
				SWIFT_EMIT_LOC_STRINGS = NO;
				SWIFT_VERSION = 5.0;
				TARGETED_DEVICE_FAMILY = "1,2";
				TEST_HOST = "$(BUILT_PRODUCTS_DIR)/JoeySpades.app/$(BUNDLE_EXECUTABLE_FOLDER_PATH)/JoeySpades";
			};
			name = Release;
		};
		8E18F5912A2BEC2F0054734F /* Debug */ = {
			isa = XCBuildConfiguration;
			buildSettings = {
				ALWAYS_EMBED_SWIFT_STANDARD_LIBRARIES = YES;
				CODE_SIGN_STYLE = Automatic;
				CURRENT_PROJECT_VERSION = 1;
				DEVELOPMENT_TEAM = 8MJVFA8KHL;
				GENERATE_INFOPLIST_FILE = YES;
				MARKETING_VERSION = 1.0;
				PRODUCT_BUNDLE_IDENTIFIER = EBLDev.CharliesSpadesUITests;
				PRODUCT_NAME = "$(TARGET_NAME)";
				SWIFT_EMIT_LOC_STRINGS = NO;
				SWIFT_VERSION = 5.0;
				TARGETED_DEVICE_FAMILY = "1,2";
				TEST_TARGET_NAME = CharliesSpades;
			};
			name = Debug;
		};
		8E18F5922A2BEC2F0054734F /* Release */ = {
			isa = XCBuildConfiguration;
			buildSettings = {
				ALWAYS_EMBED_SWIFT_STANDARD_LIBRARIES = YES;
				CODE_SIGN_STYLE = Automatic;
				CURRENT_PROJECT_VERSION = 1;
				DEVELOPMENT_TEAM = 8MJVFA8KHL;
				GENERATE_INFOPLIST_FILE = YES;
				MARKETING_VERSION = 1.0;
				PRODUCT_BUNDLE_IDENTIFIER = EBLDev.CharliesSpadesUITests;
				PRODUCT_NAME = "$(TARGET_NAME)";
				SWIFT_EMIT_LOC_STRINGS = NO;
				SWIFT_VERSION = 5.0;
				TARGETED_DEVICE_FAMILY = "1,2";
				TEST_TARGET_NAME = CharliesSpades;
			};
			name = Release;
		};
/* End XCBuildConfiguration section */

/* Begin XCConfigurationList section */
		8E18F5612A2BEC2B0054734F /* Build configuration list for PBXProject "JoeySpades" */ = {
			isa = XCConfigurationList;
			buildConfigurations = (
				8E18F5882A2BEC2F0054734F /* Debug */,
				8E18F5892A2BEC2F0054734F /* Release */,
			);
			defaultConfigurationIsVisible = 0;
			defaultConfigurationName = Release;
		};
		8E18F58A2A2BEC2F0054734F /* Build configuration list for PBXNativeTarget "JoeySpades" */ = {
			isa = XCConfigurationList;
			buildConfigurations = (
				8E18F58B2A2BEC2F0054734F /* Debug */,
				8E18F58C2A2BEC2F0054734F /* Release */,
			);
			defaultConfigurationIsVisible = 0;
			defaultConfigurationName = Release;
		};
		8E18F58D2A2BEC2F0054734F /* Build configuration list for PBXNativeTarget "JoeySpadesTests" */ = {
			isa = XCConfigurationList;
			buildConfigurations = (
				8E18F58E2A2BEC2F0054734F /* Debug */,
				8E18F58F2A2BEC2F0054734F /* Release */,
			);
			defaultConfigurationIsVisible = 0;
			defaultConfigurationName = Release;
		};
		8E18F5902A2BEC2F0054734F /* Build configuration list for PBXNativeTarget "JoeySpadesUITests" */ = {
			isa = XCConfigurationList;
			buildConfigurations = (
				8E18F5912A2BEC2F0054734F /* Debug */,
				8E18F5922A2BEC2F0054734F /* Release */,
			);
			defaultConfigurationIsVisible = 0;
			defaultConfigurationName = Release;
		};
/* End XCConfigurationList section */
	};
	rootObject = 8E18F55E2A2BEC2B0054734F /* Project object */;
}
